
Microsoft Visual Studio Solution File, Format Version 12.00
Project("{2150E333-8FDC-42A3-9474-1A3956D46DE8}") = "src", "src", "{3451FB53-2ABA-430A-901B-82700DF0E2E3}"
EndProject
Project("{2150E333-8FDC-42A3-9474-1A3956D46DE8}") = "tests", "tests", "{53533156-2EDF-4A5C-A9D8-A176D77E6B7C}"
EndProject
Project("{FAE04EC0-301F-11D3-BF4B-00C04F79EFBC}") = "EdgeMq.Service", "src\EdgeMq.Service\EdgeMq.Service.csproj", "{94339474-9A88-488F-A814-1046F5838CC4}"
EndProject
Project("{FAE04EC0-301F-11D3-BF4B-00C04F79EFBC}") = "EdgeMq.Api", "src\EdgeMq.Api\EdgeMq.Api.csproj", "{A082CD51-2C0B-487D-AC61-520888027FF4}"
EndProject
Project("{FAE04EC0-301F-11D3-BF4B-00C04F79EFBC}") = "EdgeMq.Model", "src\EdgeMq.Model\EdgeMq.Model.csproj", "{2E9495F6-1897-4866-8A9E-63BDD83D5A6D}"
EndProject
Project("{FAE04EC0-301F-11D3-BF4B-00C04F79EFBC}") = "EdgeMq.Client", "src\EdgeMq.Client\EdgeMq.Client.csproj", "{1493377C-AF2F-40AF-9D3A-DD09425501FA}"
EndProject
Project("{2150E333-8FDC-42A3-9474-1A3956D46DE8}") = "misc", "misc", "{C545537C-99D8-425B-8DD7-EF67CC9F3847}"
	ProjectSection(SolutionItems) = preProject
		misc\Dockerfile = misc\Dockerfile
		readme.md = readme.md
	EndProjectSection
EndProject
Project("{FAE04EC0-301F-11D3-BF4B-00C04F79EFBC}") = "EdgeMq.Producer", "tests\EdgeMq.Producer\EdgeMq.Producer.csproj", "{CEDB7B42-550A-4F26-AE6C-786A131811B4}"
EndProject
Project("{FAE04EC0-301F-11D3-BF4B-00C04F79EFBC}") = "EdgeMq.Consumer", "tests\EdgeMq.Consumer\EdgeMq.Consumer.csproj", "{C66BC14B-5C73-4F40-84C9-4F9BCA34DD8C}"
EndProject
Project("{FAE04EC0-301F-11D3-BF4B-00C04F79EFBC}") = "EdgeMq.Dashboard", "src\EdgeMq.Dashboard\EdgeMq.Dashboard.csproj", "{48DA093B-7CBA-4C73-BBE1-070F8078CBBA}"
EndProject
Project("{FAE04EC0-301F-11D3-BF4B-00C04F79EFBC}") = "EdgeMq.Infra", "src\EdgeMq.Infra\EdgeMq.Infra.csproj", "{4A11365D-56EC-4AC9-BC30-DC5D60B927AF}"
EndProject
Project("{FAE04EC0-301F-11D3-BF4B-00C04F79EFBC}") = "EdgeMq.UnitTests", "tests\EdgeMq.UnitTests\EdgeMq.UnitTests.csproj", "{0135C70F-94DA-44C8-A147-BE221784D893}"
EndProject
Global
	GlobalSection(SolutionConfigurationPlatforms) = preSolution
		Debug|Any CPU = Debug|Any CPU
		Release|Any CPU = Release|Any CPU
	EndGlobalSection
	GlobalSection(ProjectConfigurationPlatforms) = postSolution
		{94339474-9A88-488F-A814-1046F5838CC4}.Debug|Any CPU.ActiveCfg = Debug|Any CPU
		{94339474-9A88-488F-A814-1046F5838CC4}.Debug|Any CPU.Build.0 = Debug|Any CPU
		{94339474-9A88-488F-A814-1046F5838CC4}.Release|Any CPU.ActiveCfg = Release|Any CPU
		{94339474-9A88-488F-A814-1046F5838CC4}.Release|Any CPU.Build.0 = Release|Any CPU
		{A082CD51-2C0B-487D-AC61-520888027FF4}.Debug|Any CPU.ActiveCfg = Debug|Any CPU
		{A082CD51-2C0B-487D-AC61-520888027FF4}.Debug|Any CPU.Build.0 = Debug|Any CPU
		{A082CD51-2C0B-487D-AC61-520888027FF4}.Release|Any CPU.ActiveCfg = Release|Any CPU
		{A082CD51-2C0B-487D-AC61-520888027FF4}.Release|Any CPU.Build.0 = Release|Any CPU
		{2E9495F6-1897-4866-8A9E-63BDD83D5A6D}.Debug|Any CPU.ActiveCfg = Debug|Any CPU
		{2E9495F6-1897-4866-8A9E-63BDD83D5A6D}.Debug|Any CPU.Build.0 = Debug|Any CPU
		{2E9495F6-1897-4866-8A9E-63BDD83D5A6D}.Release|Any CPU.ActiveCfg = Release|Any CPU
		{2E9495F6-1897-4866-8A9E-63BDD83D5A6D}.Release|Any CPU.Build.0 = Release|Any CPU
		{1493377C-AF2F-40AF-9D3A-DD09425501FA}.Debug|Any CPU.ActiveCfg = Debug|Any CPU
		{1493377C-AF2F-40AF-9D3A-DD09425501FA}.Debug|Any CPU.Build.0 = Debug|Any CPU
		{1493377C-AF2F-40AF-9D3A-DD09425501FA}.Release|Any CPU.ActiveCfg = Release|Any CPU
		{1493377C-AF2F-40AF-9D3A-DD09425501FA}.Release|Any CPU.Build.0 = Release|Any CPU
		{CEDB7B42-550A-4F26-AE6C-786A131811B4}.Debug|Any CPU.ActiveCfg = Debug|Any CPU
		{CEDB7B42-550A-4F26-AE6C-786A131811B4}.Debug|Any CPU.Build.0 = Debug|Any CPU
		{CEDB7B42-550A-4F26-AE6C-786A131811B4}.Release|Any CPU.ActiveCfg = Release|Any CPU
		{CEDB7B42-550A-4F26-AE6C-786A131811B4}.Release|Any CPU.Build.0 = Release|Any CPU
		{C66BC14B-5C73-4F40-84C9-4F9BCA34DD8C}.Debug|Any CPU.ActiveCfg = Debug|Any CPU
		{C66BC14B-5C73-4F40-84C9-4F9BCA34DD8C}.Debug|Any CPU.Build.0 = Debug|Any CPU
		{C66BC14B-5C73-4F40-84C9-4F9BCA34DD8C}.Release|Any CPU.ActiveCfg = Release|Any CPU
		{C66BC14B-5C73-4F40-84C9-4F9BCA34DD8C}.Release|Any CPU.Build.0 = Release|Any CPU
		{48DA093B-7CBA-4C73-BBE1-070F8078CBBA}.Debug|Any CPU.ActiveCfg = Debug|Any CPU
		{48DA093B-7CBA-4C73-BBE1-070F8078CBBA}.Debug|Any CPU.Build.0 = Debug|Any CPU
		{48DA093B-7CBA-4C73-BBE1-070F8078CBBA}.Release|Any CPU.ActiveCfg = Release|Any CPU
		{48DA093B-7CBA-4C73-BBE1-070F8078CBBA}.Release|Any CPU.Build.0 = Release|Any CPU
		{4A11365D-56EC-4AC9-BC30-DC5D60B927AF}.Debug|Any CPU.ActiveCfg = Debug|Any CPU
		{4A11365D-56EC-4AC9-BC30-DC5D60B927AF}.Debug|Any CPU.Build.0 = Debug|Any CPU
		{4A11365D-56EC-4AC9-BC30-DC5D60B927AF}.Release|Any CPU.ActiveCfg = Release|Any CPU
		{4A11365D-56EC-4AC9-BC30-DC5D60B927AF}.Release|Any CPU.Build.0 = Release|Any CPU
		{0135C70F-94DA-44C8-A147-BE221784D893}.Debug|Any CPU.ActiveCfg = Debug|Any CPU
		{0135C70F-94DA-44C8-A147-BE221784D893}.Debug|Any CPU.Build.0 = Debug|Any CPU
		{0135C70F-94DA-44C8-A147-BE221784D893}.Release|Any CPU.ActiveCfg = Release|Any CPU
		{0135C70F-94DA-44C8-A147-BE221784D893}.Release|Any CPU.Build.0 = Release|Any CPU
	EndGlobalSection
	GlobalSection(NestedProjects) = preSolution
		{94339474-9A88-488F-A814-1046F5838CC4} = {3451FB53-2ABA-430A-901B-82700DF0E2E3}
		{A082CD51-2C0B-487D-AC61-520888027FF4} = {3451FB53-2ABA-430A-901B-82700DF0E2E3}
		{2E9495F6-1897-4866-8A9E-63BDD83D5A6D} = {3451FB53-2ABA-430A-901B-82700DF0E2E3}
		{1493377C-AF2F-40AF-9D3A-DD09425501FA} = {3451FB53-2ABA-430A-901B-82700DF0E2E3}
		{CEDB7B42-550A-4F26-AE6C-786A131811B4} = {53533156-2EDF-4A5C-A9D8-A176D77E6B7C}
		{C66BC14B-5C73-4F40-84C9-4F9BCA34DD8C} = {53533156-2EDF-4A5C-A9D8-A176D77E6B7C}
		{48DA093B-7CBA-4C73-BBE1-070F8078CBBA} = {3451FB53-2ABA-430A-901B-82700DF0E2E3}
		{4A11365D-56EC-4AC9-BC30-DC5D60B927AF} = {3451FB53-2ABA-430A-901B-82700DF0E2E3}
		{0135C70F-94DA-44C8-A147-BE221784D893} = {53533156-2EDF-4A5C-A9D8-A176D77E6B7C}
	EndGlobalSection
EndGlobal
